PATH
  remote: .
  specs:
    bigrivercalc (0.1.0)
      aws-sdk-costexplorer (~> 1.0)

GEM
  remote: https://rubygems.org/
  specs:
    aws-eventstream (1.4.0)
    aws-partitions (1.1214.0)
    aws-sdk-core (3.242.0)
      aws-eventstream (~> 1, >= 1.3.0)
      aws-partitions (~> 1, >= 1.992.0)
      aws-sigv4 (~> 1.9)
      base64
      bigdecimal
      jmespath (~> 1, >= 1.6.1)
      logger
    aws-sdk-costexplorer (1.147.0)
      aws-sdk-core (~> 3, >= 3.241.4)
      aws-sigv4 (~> 1.5)
    aws-sigv4 (1.12.1)
      aws-eventstream (~> 1, >= 1.0.2)
    base64 (0.3.0)
    bigdecimal (4.0.1)
    jmespath (1.6.2)
    logger (1.7.0)

PLATFORMS
  arm64-darwin-24
  ruby

DEPENDENCIES
  bigrivercalc!

CHECKSUMS
  aws-eventstream (1.4.0) sha256=116bf85c436200d1060811e6f5d2d40c88f65448f2125bc77ffce5121e6e183b
  aws-partitions (1.1214.0) sha256=347f2bc1e8e778db219072892450b8c63d0ffcf411be64bbc1831f9bcd694b1f
  aws-sdk-core (3.242.0) sha256=c17b3003acc78d80c1a8437b285a1cfc5e4d7749ce7821cf3071e847535a29a0
  aws-sdk-costexplorer (1.147.0) sha256=3af29c29fb709b9a256b57324a20b11f5e8e5bc60b8acfba8fdfabee5fd619d2
  aws-sigv4 (1.12.1) sha256=6973ff95cb0fd0dc58ba26e90e9510a2219525d07620c8babeb70ef831826c00
  base64 (0.3.0) sha256=27337aeabad6ffae05c265c450490628ef3ebd4b67be58257393227588f5a97b
  bigdecimal (4.0.1) sha256=8b07d3d065a9f921c80ceaea7c9d4ae596697295b584c296fe599dd0ad01c4a7
  bigrivercalc (0.1.0)
  jmespath (1.6.2) sha256=238d774a58723d6c090494c8879b5e9918c19485f7e840f2c1c7532cf84ebcb1
  logger (1.7.0) sha256=196edec7cc44b66cfb40f9755ce11b392f21f7967696af15d274dde7edff0203

BUNDLED WITH
  4.0.3
